
Microsoft Visual Studio Solution File, Format Version 12.00
# Visual Studio Version 16
VisualStudioVersion = 16.0.29326.143
MinimumVisualStudioVersion = 10.0.40219.1
Project("{FAE04EC0-301F-11D3-BF4B-00C04F79EFBC}") = "ECommerce", "ECommerce.csproj", "{44B616C0-ED60-4E25-B234-6543960CF942}"
EndProject
Global
	GlobalSection(SolutionConfigurationPlatforms) = preSolution
		Debug|Any CPU = Debug|Any CPU
		Release|Any CPU = Release|Any CPU
	EndGlobalSection
	GlobalSection(ProjectConfigurationPlatforms) = postSolution
		{44B616C0-ED60-4E25-B234-6543960CF942}.Debug|Any CPU.ActiveCfg = Debug|Any CPU
		{44B616C0-ED60-4E25-B234-6543960CF942}.Debug|Any CPU.Build.0 = Debug|Any CPU
		{44B616C0-ED60-4E25-B234-6543960CF942}.Release|Any CPU.ActiveCfg = Release|Any CPU
		{44B616C0-ED60-4E25-B234-6543960CF942}.Release|Any CPU.Build.0 = Release|Any CPU
	EndGlobalSection
	GlobalSection(SolutionProperties) = preSolution
		HideSolutionNode = FALSE
	EndGlobalSection
	GlobalSection(ExtensibilityGlobals) = postSolution
		SolutionGuid = {1E1301C2-F657-43E8-8227-059F1EE49A6B}
	EndGlobalSection
EndGlobal
